// !$*UTF8*$!
{
	archiveVersion = 1;
	classes = {
	};
	objectVersion = 56;
	objects = {

/* Begin PBXBuildFile section */
		1DAAF0E52C7F09AF002696AC /* CryptoTrackerApp.swift in Sources */ = {isa = PBXBuildFile; fileRef = 1DAAF0E42C7F09AF002696AC /* CryptoTrackerApp.swift */; };
		1DAAF0E72C7F09AF002696AC /* ContentView.swift in Sources */ = {isa = PBXBuildFile; fileRef = 1DAAF0E62C7F09AF002696AC /* ContentView.swift */; };
		1DAAF0E92C7F09B1002696AC /* Assets.xcassets in Resources */ = {isa = PBXBuildFile; fileRef = 1DAAF0E82C7F09B1002696AC /* Assets.xcassets */; };
		1DAAF0EC2C7F09B1002696AC /* Preview Assets.xcassets in Resources */ = {isa = PBXBuildFile; fileRef = 1DAAF0EB2C7F09B1002696AC /* Preview Assets.xcassets */; };
		1DAAF0F62C7F0A06002696AC /* HomeView.swift in Sources */ = {isa = PBXBuildFile; fileRef = 1DAAF0F52C7F0A06002696AC /* HomeView.swift */; };
		1DAAF0F82C7F0A0F002696AC /* GraphView.swift in Sources */ = {isa = PBXBuildFile; fileRef = 1DAAF0F72C7F0A0F002696AC /* GraphView.swift */; };
		1DAAF0FE2C7F0CC2002696AC /* Inter_28pt-Regular.ttf in Resources */ = {isa = PBXBuildFile; fileRef = 1DAAF0FA2C7F0CC2002696AC /* Inter_28pt-Regular.ttf */; };
		1DAAF0FF2C7F0CC2002696AC /* Inter_28pt-Medium.ttf in Resources */ = {isa = PBXBuildFile; fileRef = 1DAAF0FB2C7F0CC2002696AC /* Inter_28pt-Medium.ttf */; };
		1DAAF1002C7F0CC2002696AC /* Inter_28pt-Bold.ttf in Resources */ = {isa = PBXBuildFile; fileRef = 1DAAF0FC2C7F0CC2002696AC /* Inter_28pt-Bold.ttf */; };
		1DAAF1012C7F0CC2002696AC /* Inter_28pt-SemiBold.ttf in Resources */ = {isa = PBXBuildFile; fileRef = 1DAAF0FD2C7F0CC2002696AC /* Inter_28pt-SemiBold.ttf */; };
		1DAAF1062C7F0DF4002696AC /* CryptoDetailView.swift in Sources */ = {isa = PBXBuildFile; fileRef = 1DAAF1052C7F0DF4002696AC /* CryptoDetailView.swift */; };
		1DAAF1082C7F1C06002696AC /* CryptoGridView.swift in Sources */ = {isa = PBXBuildFile; fileRef = 1DAAF1072C7F1C06002696AC /* CryptoGridView.swift */; };
		1DAAF10B2C7F1C4B002696AC /* Constant.swift in Sources */ = {isa = PBXBuildFile; fileRef = 1DAAF10A2C7F1C4B002696AC /* Constant.swift */; };
/* End PBXBuildFile section */

/* Begin PBXFileReference section */
		1DAAF0E12C7F09AF002696AC /* CryptoTracker.app */ = {isa = PBXFileReference; explicitFileType = wrapper.application; includeInIndex = 0; path = CryptoTracker.app; sourceTree = BUILT_PRODUCTS_DIR; };
		1DAAF0E42C7F09AF002696AC /* CryptoTrackerApp.swift */ = {isa = PBXFileReference; lastKnownFileType = sourcecode.swift; path = CryptoTrackerApp.swift; sourceTree = "<group>"; };
		1DAAF0E62C7F09AF002696AC /* ContentView.swift */ = {isa = PBXFileReference; lastKnownFileType = sourcecode.swift; path = ContentView.swift; sourceTree = "<group>"; };
		1DAAF0E82C7F09B1002696AC /* Assets.xcassets */ = {isa = PBXFileReference; lastKnownFileType = folder.assetcatalog; path = Assets.xcassets; sourceTree = "<group>"; };
		1DAAF0EB2C7F09B1002696AC /* Preview Assets.xcassets */ = {isa = PBXFileReference; lastKnownFileType = folder.assetcatalog; path = "Preview Assets.xcassets"; sourceTree = "<group>"; };
		1DAAF0F52C7F0A06002696AC /* HomeView.swift */ = {isa = PBXFileReference; lastKnownFileType = sourcecode.swift; path = HomeView.swift; sourceTree = "<group>"; };
		1DAAF0F72C7F0A0F002696AC /* GraphView.swift */ = {isa = PBXFileReference; lastKnownFileType = sourcecode.swift; path = GraphView.swift; sourceTree = "<group>"; };
		1DAAF0FA2C7F0CC2002696AC /* Inter_28pt-Regular.ttf */ = {isa = PBXFileReference; lastKnownFileType = file; path = "Inter_28pt-Regular.ttf"; sourceTree = "<group>"; };
		1DAAF0FB2C7F0CC2002696AC /* Inter_28pt-Medium.ttf */ = {isa = PBXFileReference; lastKnownFileType = file; path = "Inter_28pt-Medium.ttf"; sourceTree = "<group>"; };
		1DAAF0FC2C7F0CC2002696AC /* Inter_28pt-Bold.ttf */ = {isa = PBXFileReference; lastKnownFileType = file; path = "Inter_28pt-Bold.ttf"; sourceTree = "<group>"; };
		1DAAF0FD2C7F0CC2002696AC /* Inter_28pt-SemiBold.ttf */ = {isa = PBXFileReference; lastKnownFileType = file; path = "Inter_28pt-SemiBold.ttf"; sourceTree = "<group>"; };
		1DAAF1022C7F0CD4002696AC /* Info.plist */ = {isa = PBXFileReference; lastKnownFileType = text.plist; path = Info.plist; sourceTree = "<group>"; };
		1DAAF1052C7F0DF4002696AC /* CryptoDetailView.swift */ = {isa = PBXFileReference; lastKnownFileType = sourcecode.swift; path = CryptoDetailView.swift; sourceTree = "<group>"; };
		1DAAF1072C7F1C06002696AC /* CryptoGridView.swift */ = {isa = PBXFileReference; lastKnownFileType = sourcecode.swift; path = CryptoGridView.swift; sourceTree = "<group>"; };
		1DAAF10A2C7F1C4B002696AC /* Constant.swift */ = {isa = PBXFileReference; lastKnownFileType = sourcecode.swift; path = Constant.swift; sourceTree = "<group>"; };
/* End PBXFileReference section */

/* Begin PBXFrameworksBuildPhase section */
		1DAAF0DE2C7F09AF002696AC /* Frameworks */ = {
			isa = PBXFrameworksBuildPhase;
			buildActionMask = 2147483647;
			files = (
			);
			runOnlyForDeploymentPostprocessing = 0;
		};
/* End PBXFrameworksBuildPhase section */

/* Begin PBXGroup section */
		1DAAF0D82C7F09AF002696AC = {
			isa = PBXGroup;
			children = (
				1DAAF0E32C7F09AF002696AC /* CryptoTracker */,
				1DAAF0E22C7F09AF002696AC /* Products */,
			);
			sourceTree = "<group>";
		};
		1DAAF0E22C7F09AF002696AC /* Products */ = {
			isa = PBXGroup;
			children = (
				1DAAF0E12C7F09AF002696AC /* CryptoTracker.app */,
			);
			name = Products;
			sourceTree = "<group>";
		};
		1DAAF0E32C7F09AF002696AC /* CryptoTracker */ = {
			isa = PBXGroup;
			children = (
				1DAAF1092C7F1C3F002696AC /* Utility */,
				1DAAF0F22C7F09BD002696AC /* Model */,
				1DAAF0F32C7F09C8002696AC /* View */,
				1DAAF0F42C7F09CD002696AC /* ViewModel */,
				1DAAF0E42C7F09AF002696AC /* CryptoTrackerApp.swift */,
				1DAAF0E62C7F09AF002696AC /* ContentView.swift */,
				1DAAF0E82C7F09B1002696AC /* Assets.xcassets */,
				1DAAF1022C7F0CD4002696AC /* Info.plist */,
				1DAAF0F92C7F0CB2002696AC /* Font */,
				1DAAF0EA2C7F09B1002696AC /* Preview Content */,
			);
			path = CryptoTracker;
			sourceTree = "<group>";
		};
		1DAAF0EA2C7F09B1002696AC /* Preview Content */ = {
			isa = PBXGroup;
			children = (
				1DAAF0EB2C7F09B1002696AC /* Preview Assets.xcassets */,
			);
			path = "Preview Content";
			sourceTree = "<group>";
		};
		1DAAF0F22C7F09BD002696AC /* Model */ = {
			isa = PBXGroup;
			children = (
			);
			path = Model;
			sourceTree = "<group>";
		};
		1DAAF0F32C7F09C8002696AC /* View */ = {
			isa = PBXGroup;
			children = (
				1DAAF0F52C7F0A06002696AC /* HomeView.swift */,
				1DAAF0F72C7F0A0F002696AC /* GraphView.swift */,
				1DAAF1032C7F0DD1002696AC /* Home */,
				1DAAF1042C7F0DD9002696AC /* Graph */,
			);
			path = View;
			sourceTree = "<group>";
		};
		1DAAF0F42C7F09CD002696AC /* ViewModel */ = {
			isa = PBXGroup;
			children = (
			);
			path = ViewModel;
			sourceTree = "<group>";
		};
		1DAAF0F92C7F0CB2002696AC /* Font */ = {
			isa = PBXGroup;
			children = (
				1DAAF0FC2C7F0CC2002696AC /* Inter_28pt-Bold.ttf */,
				1DAAF0FB2C7F0CC2002696AC /* Inter_28pt-Medium.ttf */,
				1DAAF0FA2C7F0CC2002696AC /* Inter_28pt-Regular.ttf */,
				1DAAF0FD2C7F0CC2002696AC /* Inter_28pt-SemiBold.ttf */,
			);
			path = Font;
			sourceTree = "<group>";
		};
		1DAAF1032C7F0DD1002696AC /* Home */ = {
			isa = PBXGroup;
			children = (
				1DAAF1052C7F0DF4002696AC /* CryptoDetailView.swift */,
				1DAAF1072C7F1C06002696AC /* CryptoGridView.swift */,
			);
			path = Home;
			sourceTree = "<group>";
		};
		1DAAF1042C7F0DD9002696AC /* Graph */ = {
			isa = PBXGroup;
			children = (
			);
			path = Graph;
			sourceTree = "<group>";
		};
		1DAAF1092C7F1C3F002696AC /* Utility */ = {
			isa = PBXGroup;
			children = (
				1DAAF10A2C7F1C4B002696AC /* Constant.swift */,
			);
			path = Utility;
			sourceTree = "<group>";
		};
/* End PBXGroup section */

/* Begin PBXNativeTarget section */
		1DAAF0E02C7F09AF002696AC /* CryptoTracker */ = {
			isa = PBXNativeTarget;
			buildConfigurationList = 1DAAF0EF2C7F09B1002696AC /* Build configuration list for PBXNativeTarget "CryptoTracker" */;
			buildPhases = (
				1DAAF0DD2C7F09AF002696AC /* Sources */,
				1DAAF0DE2C7F09AF002696AC /* Frameworks */,
				1DAAF0DF2C7F09AF002696AC /* Resources */,
			);
			buildRules = (
			);
			dependencies = (
			);
			name = CryptoTracker;
			productName = CryptoTracker;
			productReference = 1DAAF0E12C7F09AF002696AC /* CryptoTracker.app */;
			productType = "com.apple.product-type.application";
		};
/* End PBXNativeTarget section */

/* Begin PBXProject section */
		1DAAF0D92C7F09AF002696AC /* Project object */ = {
			isa = PBXProject;
			attributes = {
				BuildIndependentTargetsInParallel = 1;
				LastSwiftUpdateCheck = 1540;
				LastUpgradeCheck = 1540;
				TargetAttributes = {
					1DAAF0E02C7F09AF002696AC = {
						CreatedOnToolsVersion = 15.4;
					};
				};
			};
			buildConfigurationList = 1DAAF0DC2C7F09AF002696AC /* Build configuration list for PBXProject "CryptoTracker" */;
			compatibilityVersion = "Xcode 14.0";
			developmentRegion = en;
			hasScannedForEncodings = 0;
			knownRegions = (
				en,
				Base,
			);
			mainGroup = 1DAAF0D82C7F09AF002696AC;
			productRefGroup = 1DAAF0E22C7F09AF002696AC /* Products */;
			projectDirPath = "";
			projectRoot = "";
			targets = (
				1DAAF0E02C7F09AF002696AC /* CryptoTracker */,
			);
		};
/* End PBXProject section */

/* Begin PBXResourcesBuildPhase section */
		1DAAF0DF2C7F09AF002696AC /* Resources */ = {
			isa = PBXResourcesBuildPhase;
			buildActionMask = 2147483647;
			files = (
				1DAAF1012C7F0CC2002696AC /* Inter_28pt-SemiBold.ttf in Resources */,
				1DAAF0EC2C7F09B1002696AC /* Preview Assets.xcassets in Resources */,
				1DAAF1002C7F0CC2002696AC /* Inter_28pt-Bold.ttf in Resources */,
				1DAAF0FE2C7F0CC2002696AC /* Inter_28pt-Regular.ttf in Resources */,
				1DAAF0FF2C7F0CC2002696AC /* Inter_28pt-Medium.ttf in Resources */,
				1DAAF0E92C7F09B1002696AC /* Assets.xcassets in Resources */,
			);
			runOnlyForDeploymentPostprocessing = 0;
		};
/* End PBXResourcesBuildPhase section */

/* Begin PBXSourcesBuildPhase section */
		1DAAF0DD2C7F09AF002696AC /* Sources */ = {
			isa = PBXSourcesBuildPhase;
			buildActionMask = 2147483647;
			files = (
				1DAAF10B2C7F1C4B002696AC /* Constant.swift in Sources */,
				1DAAF0F62C7F0A06002696AC /* HomeView.swift in Sources */,
				1DAAF1082C7F1C06002696AC /* CryptoGridView.swift in Sources */,
				1DAAF0E72C7F09AF002696AC /* ContentView.swift in Sources */,
				1DAAF1062C7F0DF4002696AC /* CryptoDetailView.swift in Sources */,
				1DAAF0E52C7F09AF002696AC /* CryptoTrackerApp.swift in Sources */,
				1DAAF0F82C7F0A0F002696AC /* GraphView.swift in Sources */,
			);
			runOnlyForDeploymentPostprocessing = 0;
		};
/* End PBXSourcesBuildPhase section */

/* Begin XCBuildConfiguration section */
		1DAAF0ED2C7F09B1002696AC /* Debug */ = {
			isa = XCBuildConfiguration;
			buildSettings = {
				ALWAYS_SEARCH_USER_PATHS = NO;
				ASSETCATALOG_COMPILER_GENERATE_SWIFT_ASSET_SYMBOL_EXTENSIONS = YES;
				CLANG_ANALYZER_NONNULL = YES;
				CLANG_ANALYZER_NUMBER_OBJECT_CONVERSION = YES_AGGRESSIVE;
				CLANG_CXX_LANGUAGE_STANDARD = "gnu++20";
				CLANG_ENABLE_MODULES = YES;
				CLANG_ENABLE_OBJC_ARC = YES;
				CLANG_ENABLE_OBJC_WEAK = YES;
				CLANG_WARN_BLOCK_CAPTURE_AUTORELEASING = YES;
				CLANG_WARN_BOOL_CONVERSION = YES;
				CLANG_WARN_COMMA = YES;
				CLANG_WARN_CONSTANT_CONVERSION = YES;
				CLANG_WARN_DEPRECATED_OBJC_IMPLEMENTATIONS = YES;
				CLANG_WARN_DIRECT_OBJC_ISA_USAGE = YES_ERROR;
				CLANG_WARN_DOCUMENTATION_COMMENTS = YES;
				CLANG_WARN_EMPTY_BODY = YES;
				CLANG_WARN_ENUM_CONVERSION = YES;
				CLANG_WARN_INFINITE_RECURSION = YES;
				CLANG_WARN_INT_CONVERSION = YES;
				CLANG_WARN_NON_LITERAL_NULL_CONVERSION = YES;
				CLANG_WARN_OBJC_IMPLICIT_RETAIN_SELF = YES;
				CLANG_WARN_OBJC_LITERAL_CONVERSION = YES;
				CLANG_WARN_OBJC_ROOT_CLASS = YES_ERROR;
				CLANG_WARN_QUOTED_INCLUDE_IN_FRAMEWORK_HEADER = YES;
				CLANG_WARN_RANGE_LOOP_ANALYSIS = YES;
				CLANG_WARN_STRICT_PROTOTYPES = YES;
				CLANG_WARN_SUSPICIOUS_MOVE = YES;
				CLANG_WARN_UNGUARDED_AVAILABILITY = YES_AGGRESSIVE;
				CLANG_WARN_UNREACHABLE_CODE = YES;
				CLANG_WARN__DUPLICATE_METHOD_MATCH = YES;
				COPY_PHASE_STRIP = NO;
				DEBUG_INFORMATION_FORMAT = dwarf;
				ENABLE_STRICT_OBJC_MSGSEND = YES;
				ENABLE_TESTABILITY = YES;
				ENABLE_USER_SCRIPT_SANDBOXING = YES;
				GCC_C_LANGUAGE_STANDARD = gnu17;
				GCC_DYNAMIC_NO_PIC = NO;
				GCC_NO_COMMON_BLOCKS = YES;
				GCC_OPTIMIZATION_LEVEL = 0;
				GCC_PREPROCESSOR_DEFINITIONS = (
					"DEBUG=1",
					"$(inherited)",
				);
				GCC_WARN_64_TO_32_BIT_CONVERSION = YES;
				GCC_WARN_ABOUT_RETURN_TYPE = YES_ERROR;
				GCC_WARN_UNDECLARED_SELECTOR = YES;
				GCC_WARN_UNINITIALIZED_AUTOS = YES_AGGRESSIVE;
				GCC_WARN_UNUSED_FUNCTION = YES;
				GCC_WARN_UNUSED_VARIABLE = YES;
				IPHONEOS_DEPLOYMENT_TARGET = 17.5;
				LOCALIZATION_PREFERS_STRING_CATALOGS = YES;
				MTL_ENABLE_DEBUG_INFO = INCLUDE_SOURCE;
				MTL_FAST_MATH = YES;
				ONLY_ACTIVE_ARCH = YES;
				SDKROOT = iphoneos;
				SWIFT_ACTIVE_COMPILATION_CONDITIONS = "DEBUG $(inherited)";
				SWIFT_OPTIMIZATION_LEVEL = "-Onone";
			};
			name = Debug;
		};
		1DAAF0EE2C7F09B1002696AC /* Release */ = {
			isa = XCBuildConfiguration;
			buildSettings = {
				ALWAYS_SEARCH_USER_PATHS = NO;
				ASSETCATALOG_COMPILER_GENERATE_SWIFT_ASSET_SYMBOL_EXTENSIONS = YES;
				CLANG_ANALYZER_NONNULL = YES;
				CLANG_ANALYZER_NUMBER_OBJECT_CONVERSION = YES_AGGRESSIVE;
				CLANG_CXX_LANGUAGE_STANDARD = "gnu++20";
				CLANG_ENABLE_MODULES = YES;
				CLANG_ENABLE_OBJC_ARC = YES;
				CLANG_ENABLE_OBJC_WEAK = YES;
				CLANG_WARN_BLOCK_CAPTURE_AUTORELEASING = YES;
				CLANG_WARN_BOOL_CONVERSION = YES;
				CLANG_WARN_COMMA = YES;
				CLANG_WARN_CONSTANT_CONVERSION = YES;
				CLANG_WARN_DEPRECATED_OBJC_IMPLEMENTATIONS = YES;
				CLANG_WARN_DIRECT_OBJC_ISA_USAGE = YES_ERROR;
				CLANG_WARN_DOCUMENTATION_COMMENTS = YES;
				CLANG_WARN_EMPTY_BODY = YES;
				CLANG_WARN_ENUM_CONVERSION = YES;
				CLANG_WARN_INFINITE_RECURSION = YES;
				CLANG_WARN_INT_CONVERSION = YES;
				CLANG_WARN_NON_LITERAL_NULL_CONVERSION = YES;
				CLANG_WARN_OBJC_IMPLICIT_RETAIN_SELF = YES;
				CLANG_WARN_OBJC_LITERAL_CONVERSION = YES;
				CLANG_WARN_OBJC_ROOT_CLASS = YES_ERROR;
				CLANG_WARN_QUOTED_INCLUDE_IN_FRAMEWORK_HEADER = YES;
				CLANG_WARN_RANGE_LOOP_ANALYSIS = YES;
				CLANG_WARN_STRICT_PROTOTYPES = YES;
				CLANG_WARN_SUSPICIOUS_MOVE = YES;
				CLANG_WARN_UNGUARDED_AVAILABILITY = YES_AGGRESSIVE;
				CLANG_WARN_UNREACHABLE_CODE = YES;
				CLANG_WARN__DUPLICATE_METHOD_MATCH = YES;
				COPY_PHASE_STRIP = NO;
				DEBUG_INFORMATION_FORMAT = "dwarf-with-dsym";
				ENABLE_NS_ASSERTIONS = NO;
				ENABLE_STRICT_OBJC_MSGSEND = YES;
				ENABLE_USER_SCRIPT_SANDBOXING = YES;
				GCC_C_LANGUAGE_STANDARD = gnu17;
				GCC_NO_COMMON_BLOCKS = YES;
				GCC_WARN_64_TO_32_BIT_CONVERSION = YES;
				GCC_WARN_ABOUT_RETURN_TYPE = YES_ERROR;
				GCC_WARN_UNDECLARED_SELECTOR = YES;
				GCC_WARN_UNINITIALIZED_AUTOS = YES_AGGRESSIVE;
				GCC_WARN_UNUSED_FUNCTION = YES;
				GCC_WARN_UNUSED_VARIABLE = YES;
				IPHONEOS_DEPLOYMENT_TARGET = 17.5;
				LOCALIZATION_PREFERS_STRING_CATALOGS = YES;
				MTL_ENABLE_DEBUG_INFO = NO;
				MTL_FAST_MATH = YES;
				SDKROOT = iphoneos;
				SWIFT_COMPILATION_MODE = wholemodule;
				VALIDATE_PRODUCT = YES;
			};
			name = Release;
		};
		1DAAF0F02C7F09B1002696AC /* Debug */ = {
			isa = XCBuildConfiguration;
			buildSettings = {
				ASSETCATALOG_COMPILER_APPICON_NAME = AppIcon;
				ASSETCATALOG_COMPILER_GLOBAL_ACCENT_COLOR_NAME = AccentColor;
				CODE_SIGN_STYLE = Automatic;
				CURRENT_PROJECT_VERSION = 1;
				DEVELOPMENT_ASSET_PATHS = "\"CryptoTracker/Preview Content\"";
				DEVELOPMENT_TEAM = W8RLJ8MS39;
				ENABLE_PREVIEWS = YES;
				GENERATE_INFOPLIST_FILE = YES;
				INFOPLIST_FILE = CryptoTracker/Info.plist;
				INFOPLIST_KEY_UIApplicationSceneManifest_Generation = YES;
				INFOPLIST_KEY_UIApplicationSupportsIndirectInputEvents = YES;
				INFOPLIST_KEY_UILaunchScreen_Generation = YES;
				INFOPLIST_KEY_UISupportedInterfaceOrientations_iPad = "UIInterfaceOrientationPortrait UIInterfaceOrientationPortraitUpsideDown UIInterfaceOrientationLandscapeLeft UIInterfaceOrientationLandscapeRight";
				INFOPLIST_KEY_UISupportedInterfaceOrientations_iPhone = "UIInterfaceOrientationPortrait UIInterfaceOrientationLandscapeLeft UIInterfaceOrientationLandscapeRight";
				LD_RUNPATH_SEARCH_PATHS = (
					"$(inherited)",
					"@executable_path/Frameworks",
				);
				MARKETING_VERSION = 1.0;
				PRODUCT_BUNDLE_IDENTIFIER = valehjr.CryptoTracker;
				PRODUCT_NAME = "$(TARGET_NAME)";
				SWIFT_EMIT_LOC_STRINGS = YES;
				SWIFT_VERSION = 5.0;
				TARGETED_DEVICE_FAMILY = "1,2";
			};
			name = Debug;
		};
		1DAAF0F12C7F09B1002696AC /* Release */ = {
			isa = XCBuildConfiguration;
			buildSettings = {
				ASSETCATALOG_COMPILER_APPICON_NAME = AppIcon;
				ASSETCATALOG_COMPILER_GLOBAL_ACCENT_COLOR_NAME = AccentColor;
				CODE_SIGN_STYLE = Automatic;
				CURRENT_PROJECT_VERSION = 1;
				DEVELOPMENT_ASSET_PATHS = "\"CryptoTracker/Preview Content\"";
				DEVELOPMENT_TEAM = W8RLJ8MS39;
				ENABLE_PREVIEWS = YES;
				GENERATE_INFOPLIST_FILE = YES;
				INFOPLIST_FILE = CryptoTracker/Info.plist;
				INFOPLIST_KEY_UIApplicationSceneManifest_Generation = YES;
				INFOPLIST_KEY_UIApplicationSupportsIndirectInputEvents = YES;
				INFOPLIST_KEY_UILaunchScreen_Generation = YES;
				INFOPLIST_KEY_UISupportedInterfaceOrientations_iPad = "UIInterfaceOrientationPortrait UIInterfaceOrientationPortraitUpsideDown UIInterfaceOrientationLandscapeLeft UIInterfaceOrientationLandscapeRight";
				INFOPLIST_KEY_UISupportedInterfaceOrientations_iPhone = "UIInterfaceOrientationPortrait UIInterfaceOrientationLandscapeLeft UIInterfaceOrientationLandscapeRight";
				LD_RUNPATH_SEARCH_PATHS = (
					"$(inherited)",
					"@executable_path/Frameworks",
				);
				MARKETING_VERSION = 1.0;
				PRODUCT_BUNDLE_IDENTIFIER = valehjr.CryptoTracker;
				PRODUCT_NAME = "$(TARGET_NAME)";
				SWIFT_EMIT_LOC_STRINGS = YES;
				SWIFT_VERSION = 5.0;
				TARGETED_DEVICE_FAMILY = "1,2";
			};
			name = Release;
		};
/* End XCBuildConfiguration section */

/* Begin XCConfigurationList section */
		1DAAF0DC2C7F09AF002696AC /* Build configuration list for PBXProject "CryptoTracker" */ = {
			isa = XCConfigurationList;
			buildConfigurations = (
				1DAAF0ED2C7F09B1002696AC /* Debug */,
				1DAAF0EE2C7F09B1002696AC /* Release */,
			);
			defaultConfigurationIsVisible = 0;
			defaultConfigurationName = Release;
		};
		1DAAF0EF2C7F09B1002696AC /* Build configuration list for PBXNativeTarget "CryptoTracker" */ = {
			isa = XCConfigurationList;
			buildConfigurations = (
				1DAAF0F02C7F09B1002696AC /* Debug */,
				1DAAF0F12C7F09B1002696AC /* Release */,
			);
			defaultConfigurationIsVisible = 0;
			defaultConfigurationName = Release;
		};
/* End XCConfigurationList section */
	};
	rootObject = 1DAAF0D92C7F09AF002696AC /* Project object */;
}
